
Microsoft Visual Studio Solution File, Format Version 12.00
# Visual Studio Version 17
VisualStudioVersion = 17.6.33829.357
MinimumVisualStudioVersion = 10.0.40219.1
Project("{FAE04EC0-301F-11D3-BF4B-00C04F79EFBC}") = "01.LINQToXML", "01.LINQToXML\01.LINQToXML.csproj", "{FD419BFC-302D-49C7-AE84-B804BC61DBA5}"
EndProject
Project("{FAE04EC0-301F-11D3-BF4B-00C04F79EFBC}") = "02.LINQToXML", "02.LINQToXML\02.LINQToXML.csproj", "{41862322-2367-45A9-AA4E-9CF5510C2CFF}"
EndProject
Project("{FAE04EC0-301F-11D3-BF4B-00C04F79EFBC}") = "03.LINQToXML", "03.LINQToXML\03.LINQToXML.csproj", "{B7F2AB06-AAAA-43DB-880D-DFD964BBF635}"
EndProject
Project("{FAE04EC0-301F-11D3-BF4B-00C04F79EFBC}") = "04.LINQToXML", "04.LINQToXML\04.LINQToXML.csproj", "{F89CD932-8525-413A-A5AC-83F8B34FFF93}"
EndProject
Project("{FAE04EC0-301F-11D3-BF4B-00C04F79EFBC}") = "05.LINQToXML", "05.LINQToXML\05.LINQToXML.csproj", "{A2004F2C-3A45-43FB-8039-BEC390429FCA}"
EndProject
Project("{FAE04EC0-301F-11D3-BF4B-00C04F79EFBC}") = "06.LINQToXML", "06.LINQToXML\06.LINQToXML.csproj", "{67DF5E60-98C0-4668-91F8-48BD4DEC7A42}"
EndProject
Project("{FAE04EC0-301F-11D3-BF4B-00C04F79EFBC}") = "07.LINQToXML", "07.LINQToXML\07.LINQToXML.csproj", "{C53F9204-78BA-4CA8-81DA-1761575C0E46}"
EndProject
Project("{FAE04EC0-301F-11D3-BF4B-00C04F79EFBC}") = "08.LINQToXML", "08.LINQToXML\08.LINQToXML.csproj", "{2C890F5B-0867-45D5-BF49-A241EAEF40B3}"
EndProject
Project("{FAE04EC0-301F-11D3-BF4B-00C04F79EFBC}") = "09.LINQToXML", "09.LINQToXML\09.LINQToXML.csproj", "{9D0BEC08-C3B0-4511-B101-478E6D3177E6}"
EndProject
Project("{FAE04EC0-301F-11D3-BF4B-00C04F79EFBC}") = "10.LINQToXML", "10.LINQToXML\10.LINQToXML.csproj", "{1386BBD7-083C-4914-B233-15028AA3467B}"
EndProject
Project("{FAE04EC0-301F-11D3-BF4B-00C04F79EFBC}") = "11.LINQToXML", "11.LINQToXML\11.LINQToXML.csproj", "{80B7AA60-7E91-43D5-A4B2-7E3768A428CE}"
EndProject
Project("{FAE04EC0-301F-11D3-BF4B-00C04F79EFBC}") = "12.LINQToXML", "12.LINQToXML\12.LINQToXML.csproj", "{9653C2E2-1854-4333-B726-0CF38E9AB278}"
EndProject
Project("{FAE04EC0-301F-11D3-BF4B-00C04F79EFBC}") = "13.LINQToXML", "13.LINQToXML\13.LINQToXML.csproj", "{2068F72A-A6E3-43AF-9349-C13632A6EA39}"
EndProject
Project("{FAE04EC0-301F-11D3-BF4B-00C04F79EFBC}") = "14.LINQToXML", "14.LINQToXML\14.LINQToXML.csproj", "{B6F350A8-CF58-4D9A-B248-E7EDF8086EE7}"
EndProject
Project("{FAE04EC0-301F-11D3-BF4B-00C04F79EFBC}") = "15.JSON", "15.JSON\15.JSON.csproj", "{07940346-0409-47DD-A540-0F6099302A0A}"
EndProject
Project("{FAE04EC0-301F-11D3-BF4B-00C04F79EFBC}") = "16.JSON", "16.JSON\16.JSON.csproj", "{2799F58C-EB66-42D6-A690-7E4DBDF77091}"
EndProject
Project("{FAE04EC0-301F-11D3-BF4B-00C04F79EFBC}") = "17.JSON", "17.JSON\17.JSON.csproj", "{941BF72C-E657-4C13-B8F9-AAD2551D5ED6}"
EndProject
Project("{FAE04EC0-301F-11D3-BF4B-00C04F79EFBC}") = "18.JSON", "18.JSON\18.JSON.csproj", "{13281003-B57C-4DC7-903F-4848D8E6537E}"
EndProject
Project("{FAE04EC0-301F-11D3-BF4B-00C04F79EFBC}") = "19.JSON", "19.JSON\19.JSON.csproj", "{36A90A3E-94C5-40F8-A278-AE06A9AFC0E5}"
EndProject
Project("{FAE04EC0-301F-11D3-BF4B-00C04F79EFBC}") = "20.JSON", "20.JSON\20.JSON.csproj", "{641ED74E-CA81-4317-B331-AD3B77DAD4BD}"
EndProject
Project("{FAE04EC0-301F-11D3-BF4B-00C04F79EFBC}") = "21.JSON", "21.JSON\21.JSON.csproj", "{66C96141-1A3C-4B2D-B890-5EBA4F0161A9}"
EndProject
Project("{FAE04EC0-301F-11D3-BF4B-00C04F79EFBC}") = "22.JSON", "22.JSON\22.JSON.csproj", "{0D4627B6-7F81-4133-88C9-B2E2C64A4A42}"
EndProject
Project("{FAE04EC0-301F-11D3-BF4B-00C04F79EFBC}") = "23.JSON", "23.JSON\23.JSON.csproj", "{C22A8AF9-9115-4FB0-A339-8C1157C168FD}"
EndProject
Project("{FAE04EC0-301F-11D3-BF4B-00C04F79EFBC}") = "24.JSON", "24.JSON\24.JSON.csproj", "{6D205BE8-8815-42E6-BB5B-83C620D7F208}"
EndProject
Global
	GlobalSection(SolutionConfigurationPlatforms) = preSolution
		Debug|Any CPU = Debug|Any CPU
		Release|Any CPU = Release|Any CPU
	EndGlobalSection
	GlobalSection(ProjectConfigurationPlatforms) = postSolution
		{FD419BFC-302D-49C7-AE84-B804BC61DBA5}.Debug|Any CPU.ActiveCfg = Debug|Any CPU
		{FD419BFC-302D-49C7-AE84-B804BC61DBA5}.Debug|Any CPU.Build.0 = Debug|Any CPU
		{FD419BFC-302D-49C7-AE84-B804BC61DBA5}.Release|Any CPU.ActiveCfg = Release|Any CPU
		{FD419BFC-302D-49C7-AE84-B804BC61DBA5}.Release|Any CPU.Build.0 = Release|Any CPU
		{41862322-2367-45A9-AA4E-9CF5510C2CFF}.Debug|Any CPU.ActiveCfg = Debug|Any CPU
		{41862322-2367-45A9-AA4E-9CF5510C2CFF}.Debug|Any CPU.Build.0 = Debug|Any CPU
		{41862322-2367-45A9-AA4E-9CF5510C2CFF}.Release|Any CPU.ActiveCfg = Release|Any CPU
		{41862322-2367-45A9-AA4E-9CF5510C2CFF}.Release|Any CPU.Build.0 = Release|Any CPU
		{B7F2AB06-AAAA-43DB-880D-DFD964BBF635}.Debug|Any CPU.ActiveCfg = Debug|Any CPU
		{B7F2AB06-AAAA-43DB-880D-DFD964BBF635}.Debug|Any CPU.Build.0 = Debug|Any CPU
		{B7F2AB06-AAAA-43DB-880D-DFD964BBF635}.Release|Any CPU.ActiveCfg = Release|Any CPU
		{B7F2AB06-AAAA-43DB-880D-DFD964BBF635}.Release|Any CPU.Build.0 = Release|Any CPU
		{F89CD932-8525-413A-A5AC-83F8B34FFF93}.Debug|Any CPU.ActiveCfg = Debug|Any CPU
		{F89CD932-8525-413A-A5AC-83F8B34FFF93}.Debug|Any CPU.Build.0 = Debug|Any CPU
		{F89CD932-8525-413A-A5AC-83F8B34FFF93}.Release|Any CPU.ActiveCfg = Release|Any CPU
		{F89CD932-8525-413A-A5AC-83F8B34FFF93}.Release|Any CPU.Build.0 = Release|Any CPU
		{A2004F2C-3A45-43FB-8039-BEC390429FCA}.Debug|Any CPU.ActiveCfg = Debug|Any CPU
		{A2004F2C-3A45-43FB-8039-BEC390429FCA}.Debug|Any CPU.Build.0 = Debug|Any CPU
		{A2004F2C-3A45-43FB-8039-BEC390429FCA}.Release|Any CPU.ActiveCfg = Release|Any CPU
		{A2004F2C-3A45-43FB-8039-BEC390429FCA}.Release|Any CPU.Build.0 = Release|Any CPU
		{67DF5E60-98C0-4668-91F8-48BD4DEC7A42}.Debug|Any CPU.ActiveCfg = Debug|Any CPU
		{67DF5E60-98C0-4668-91F8-48BD4DEC7A42}.Debug|Any CPU.Build.0 = Debug|Any CPU
		{67DF5E60-98C0-4668-91F8-48BD4DEC7A42}.Release|Any CPU.ActiveCfg = Release|Any CPU
		{67DF5E60-98C0-4668-91F8-48BD4DEC7A42}.Release|Any CPU.Build.0 = Release|Any CPU
		{C53F9204-78BA-4CA8-81DA-1761575C0E46}.Debug|Any CPU.ActiveCfg = Debug|Any CPU
		{C53F9204-78BA-4CA8-81DA-1761575C0E46}.Debug|Any CPU.Build.0 = Debug|Any CPU
		{C53F9204-78BA-4CA8-81DA-1761575C0E46}.Release|Any CPU.ActiveCfg = Release|Any CPU
		{C53F9204-78BA-4CA8-81DA-1761575C0E46}.Release|Any CPU.Build.0 = Release|Any CPU
		{2C890F5B-0867-45D5-BF49-A241EAEF40B3}.Debug|Any CPU.ActiveCfg = Debug|Any CPU
		{2C890F5B-0867-45D5-BF49-A241EAEF40B3}.Debug|Any CPU.Build.0 = Debug|Any CPU
		{2C890F5B-0867-45D5-BF49-A241EAEF40B3}.Release|Any CPU.ActiveCfg = Release|Any CPU
		{2C890F5B-0867-45D5-BF49-A241EAEF40B3}.Release|Any CPU.Build.0 = Release|Any CPU
		{9D0BEC08-C3B0-4511-B101-478E6D3177E6}.Debug|Any CPU.ActiveCfg = Debug|Any CPU
		{9D0BEC08-C3B0-4511-B101-478E6D3177E6}.Debug|Any CPU.Build.0 = Debug|Any CPU
		{9D0BEC08-C3B0-4511-B101-478E6D3177E6}.Release|Any CPU.ActiveCfg = Release|Any CPU
		{9D0BEC08-C3B0-4511-B101-478E6D3177E6}.Release|Any CPU.Build.0 = Release|Any CPU
		{1386BBD7-083C-4914-B233-15028AA3467B}.Debug|Any CPU.ActiveCfg = Debug|Any CPU
		{1386BBD7-083C-4914-B233-15028AA3467B}.Debug|Any CPU.Build.0 = Debug|Any CPU
		{1386BBD7-083C-4914-B233-15028AA3467B}.Release|Any CPU.ActiveCfg = Release|Any CPU
		{1386BBD7-083C-4914-B233-15028AA3467B}.Release|Any CPU.Build.0 = Release|Any CPU
		{80B7AA60-7E91-43D5-A4B2-7E3768A428CE}.Debug|Any CPU.ActiveCfg = Debug|Any CPU
		{80B7AA60-7E91-43D5-A4B2-7E3768A428CE}.Debug|Any CPU.Build.0 = Debug|Any CPU
		{80B7AA60-7E91-43D5-A4B2-7E3768A428CE}.Release|Any CPU.ActiveCfg = Release|Any CPU
		{80B7AA60-7E91-43D5-A4B2-7E3768A428CE}.Release|Any CPU.Build.0 = Release|Any CPU
		{9653C2E2-1854-4333-B726-0CF38E9AB278}.Debug|Any CPU.ActiveCfg = Debug|Any CPU
		{9653C2E2-1854-4333-B726-0CF38E9AB278}.Debug|Any CPU.Build.0 = Debug|Any CPU
		{9653C2E2-1854-4333-B726-0CF38E9AB278}.Release|Any CPU.ActiveCfg = Release|Any CPU
		{9653C2E2-1854-4333-B726-0CF38E9AB278}.Release|Any CPU.Build.0 = Release|Any CPU
		{2068F72A-A6E3-43AF-9349-C13632A6EA39}.Debug|Any CPU.ActiveCfg = Debug|Any CPU
		{2068F72A-A6E3-43AF-9349-C13632A6EA39}.Debug|Any CPU.Build.0 = Debug|Any CPU
		{2068F72A-A6E3-43AF-9349-C13632A6EA39}.Release|Any CPU.ActiveCfg = Release|Any CPU
		{2068F72A-A6E3-43AF-9349-C13632A6EA39}.Release|Any CPU.Build.0 = Release|Any CPU
		{B6F350A8-CF58-4D9A-B248-E7EDF8086EE7}.Debug|Any CPU.ActiveCfg = Debug|Any CPU
		{B6F350A8-CF58-4D9A-B248-E7EDF8086EE7}.Debug|Any CPU.Build.0 = Debug|Any CPU
		{B6F350A8-CF58-4D9A-B248-E7EDF8086EE7}.Release|Any CPU.ActiveCfg = Release|Any CPU
		{B6F350A8-CF58-4D9A-B248-E7EDF8086EE7}.Release|Any CPU.Build.0 = Release|Any CPU
		{07940346-0409-47DD-A540-0F6099302A0A}.Debug|Any CPU.ActiveCfg = Debug|Any CPU
		{07940346-0409-47DD-A540-0F6099302A0A}.Debug|Any CPU.Build.0 = Debug|Any CPU
		{07940346-0409-47DD-A540-0F6099302A0A}.Release|Any CPU.ActiveCfg = Release|Any CPU
		{07940346-0409-47DD-A540-0F6099302A0A}.Release|Any CPU.Build.0 = Release|Any CPU
		{2799F58C-EB66-42D6-A690-7E4DBDF77091}.Debug|Any CPU.ActiveCfg = Debug|Any CPU
		{2799F58C-EB66-42D6-A690-7E4DBDF77091}.Debug|Any CPU.Build.0 = Debug|Any CPU
		{2799F58C-EB66-42D6-A690-7E4DBDF77091}.Release|Any CPU.ActiveCfg = Release|Any CPU
		{2799F58C-EB66-42D6-A690-7E4DBDF77091}.Release|Any CPU.Build.0 = Release|Any CPU
		{941BF72C-E657-4C13-B8F9-AAD2551D5ED6}.Debug|Any CPU.ActiveCfg = Debug|Any CPU
		{941BF72C-E657-4C13-B8F9-AAD2551D5ED6}.Debug|Any CPU.Build.0 = Debug|Any CPU
		{941BF72C-E657-4C13-B8F9-AAD2551D5ED6}.Release|Any CPU.ActiveCfg = Release|Any CPU
		{941BF72C-E657-4C13-B8F9-AAD2551D5ED6}.Release|Any CPU.Build.0 = Release|Any CPU
		{13281003-B57C-4DC7-903F-4848D8E6537E}.Debug|Any CPU.ActiveCfg = Debug|Any CPU
		{13281003-B57C-4DC7-903F-4848D8E6537E}.Debug|Any CPU.Build.0 = Debug|Any CPU
		{13281003-B57C-4DC7-903F-4848D8E6537E}.Release|Any CPU.ActiveCfg = Release|Any CPU
		{13281003-B57C-4DC7-903F-4848D8E6537E}.Release|Any CPU.Build.0 = Release|Any CPU
		{36A90A3E-94C5-40F8-A278-AE06A9AFC0E5}.Debug|Any CPU.ActiveCfg = Debug|Any CPU
		{36A90A3E-94C5-40F8-A278-AE06A9AFC0E5}.Debug|Any CPU.Build.0 = Debug|Any CPU
		{36A90A3E-94C5-40F8-A278-AE06A9AFC0E5}.Release|Any CPU.ActiveCfg = Release|Any CPU
		{36A90A3E-94C5-40F8-A278-AE06A9AFC0E5}.Release|Any CPU.Build.0 = Release|Any CPU
		{641ED74E-CA81-4317-B331-AD3B77DAD4BD}.Debug|Any CPU.ActiveCfg = Debug|Any CPU
		{641ED74E-CA81-4317-B331-AD3B77DAD4BD}.Debug|Any CPU.Build.0 = Debug|Any CPU
		{641ED74E-CA81-4317-B331-AD3B77DAD4BD}.Release|Any CPU.ActiveCfg = Release|Any CPU
		{641ED74E-CA81-4317-B331-AD3B77DAD4BD}.Release|Any CPU.Build.0 = Release|Any CPU
		{66C96141-1A3C-4B2D-B890-5EBA4F0161A9}.Debug|Any CPU.ActiveCfg = Debug|Any CPU
		{66C96141-1A3C-4B2D-B890-5EBA4F0161A9}.Debug|Any CPU.Build.0 = Debug|Any CPU
		{66C96141-1A3C-4B2D-B890-5EBA4F0161A9}.Release|Any CPU.ActiveCfg = Release|Any CPU
		{66C96141-1A3C-4B2D-B890-5EBA4F0161A9}.Release|Any CPU.Build.0 = Release|Any CPU
		{0D4627B6-7F81-4133-88C9-B2E2C64A4A42}.Debug|Any CPU.ActiveCfg = Debug|Any CPU
		{0D4627B6-7F81-4133-88C9-B2E2C64A4A42}.Debug|Any CPU.Build.0 = Debug|Any CPU
		{0D4627B6-7F81-4133-88C9-B2E2C64A4A42}.Release|Any CPU.ActiveCfg = Release|Any CPU
		{0D4627B6-7F81-4133-88C9-B2E2C64A4A42}.Release|Any CPU.Build.0 = Release|Any CPU
		{C22A8AF9-9115-4FB0-A339-8C1157C168FD}.Debug|Any CPU.ActiveCfg = Debug|Any CPU
		{C22A8AF9-9115-4FB0-A339-8C1157C168FD}.Debug|Any CPU.Build.0 = Debug|Any CPU
		{C22A8AF9-9115-4FB0-A339-8C1157C168FD}.Release|Any CPU.ActiveCfg = Release|Any CPU
		{C22A8AF9-9115-4FB0-A339-8C1157C168FD}.Release|Any CPU.Build.0 = Release|Any CPU
		{6D205BE8-8815-42E6-BB5B-83C620D7F208}.Debug|Any CPU.ActiveCfg = Debug|Any CPU
		{6D205BE8-8815-42E6-BB5B-83C620D7F208}.Debug|Any CPU.Build.0 = Debug|Any CPU
		{6D205BE8-8815-42E6-BB5B-83C620D7F208}.Release|Any CPU.ActiveCfg = Release|Any CPU
		{6D205BE8-8815-42E6-BB5B-83C620D7F208}.Release|Any CPU.Build.0 = Release|Any CPU
	EndGlobalSection
	GlobalSection(SolutionProperties) = preSolution
		HideSolutionNode = FALSE
	EndGlobalSection
	GlobalSection(ExtensibilityGlobals) = postSolution
		SolutionGuid = {16DBF156-B430-417D-8FA5-5B8ED566347E}
	EndGlobalSection
EndGlobal
